
Microsoft Visual Studio Solution File, Format Version 12.00
# Visual Studio 15
VisualStudioVersion = 15.0.27130.2036
MinimumVisualStudioVersion = 10.0.40219.1
Project("{9A19103F-16F7-4668-BE54-9A1E7A4F7556}") = "Coverage.Report", "src\Coverage.Report\Coverage.Report.csproj", "{B8B22656-506D-4BC5-BEA7-3E9BDEA3A427}"
EndProject
Project("{9A19103F-16F7-4668-BE54-9A1E7A4F7556}") = "Coverage.Report.Tests", "src\Coverage.Report.Tests\Coverage.Report.Tests.csproj", "{555EF022-4E3B-48BA-8662-7587C2D136B0}"
EndProject
Project("{2150E333-8FDC-42A3-9474-1A3956D46DE8}") = "src", "src", "{237F763A-C38D-4190-A970-2E9F14F5FF86}"
EndProject
Project("{2150E333-8FDC-42A3-9474-1A3956D46DE8}") = "Solution Items", "Solution Items", "{914F9B9A-7FC7-48F3-9770-E96A4E608B95}"
	ProjectSection(SolutionItems) = preProject
		.appveyor.yml = .appveyor.yml
		.travis.yml = .travis.yml
		NuGet.config = NuGet.config
		README.md = README.md
	EndProjectSection
EndProject
Project("{9A19103F-16F7-4668-BE54-9A1E7A4F7556}") = "CodeCoverageReader", "src\CodeCoverageToLcovConverter\CodeCoverageReader.csproj", "{16EB7C01-C130-4D62-A278-08380C191E38}"
EndProject
Project("{9A19103F-16F7-4668-BE54-9A1E7A4F7556}") = "CodeCoverageReaderTests", "src\CodeCoverageToLcovConverterTests\CodeCoverageReaderTests.csproj", "{815DD963-BBFE-453F-9DFB-CD24577A4006}"
EndProject
Project("{9A19103F-16F7-4668-BE54-9A1E7A4F7556}") = "Coverage.TestLogger", "src\Coverage.TestLogger\Coverage.TestLogger.csproj", "{2ED45AF7-ADEF-427C-BBFE-FB2A6D759B9D}"
EndProject
Project("{9A19103F-16F7-4668-BE54-9A1E7A4F7556}") = "Coverage.TestLogger.Tests", "src\Coverage.TestLogger.Tests\Coverage.TestLogger.Tests.csproj", "{74200426-43F2-4577-BE38-A6F9612753D5}"
EndProject
Global
	GlobalSection(SolutionConfigurationPlatforms) = preSolution
		Debug|Any CPU = Debug|Any CPU
		Release|Any CPU = Release|Any CPU
	EndGlobalSection
	GlobalSection(ProjectConfigurationPlatforms) = postSolution
		{B8B22656-506D-4BC5-BEA7-3E9BDEA3A427}.Debug|Any CPU.ActiveCfg = Debug|Any CPU
		{B8B22656-506D-4BC5-BEA7-3E9BDEA3A427}.Debug|Any CPU.Build.0 = Debug|Any CPU
		{B8B22656-506D-4BC5-BEA7-3E9BDEA3A427}.Release|Any CPU.ActiveCfg = Release|Any CPU
		{B8B22656-506D-4BC5-BEA7-3E9BDEA3A427}.Release|Any CPU.Build.0 = Release|Any CPU
		{555EF022-4E3B-48BA-8662-7587C2D136B0}.Debug|Any CPU.ActiveCfg = Debug|Any CPU
		{555EF022-4E3B-48BA-8662-7587C2D136B0}.Debug|Any CPU.Build.0 = Debug|Any CPU
		{555EF022-4E3B-48BA-8662-7587C2D136B0}.Release|Any CPU.ActiveCfg = Release|Any CPU
		{555EF022-4E3B-48BA-8662-7587C2D136B0}.Release|Any CPU.Build.0 = Release|Any CPU
		{16EB7C01-C130-4D62-A278-08380C191E38}.Debug|Any CPU.ActiveCfg = Debug|Any CPU
		{16EB7C01-C130-4D62-A278-08380C191E38}.Debug|Any CPU.Build.0 = Debug|Any CPU
		{16EB7C01-C130-4D62-A278-08380C191E38}.Release|Any CPU.ActiveCfg = Release|Any CPU
		{16EB7C01-C130-4D62-A278-08380C191E38}.Release|Any CPU.Build.0 = Release|Any CPU
		{815DD963-BBFE-453F-9DFB-CD24577A4006}.Debug|Any CPU.ActiveCfg = Debug|Any CPU
		{815DD963-BBFE-453F-9DFB-CD24577A4006}.Debug|Any CPU.Build.0 = Debug|Any CPU
		{815DD963-BBFE-453F-9DFB-CD24577A4006}.Release|Any CPU.ActiveCfg = Release|Any CPU
		{815DD963-BBFE-453F-9DFB-CD24577A4006}.Release|Any CPU.Build.0 = Release|Any CPU
		{2ED45AF7-ADEF-427C-BBFE-FB2A6D759B9D}.Debug|Any CPU.ActiveCfg = Debug|Any CPU
		{2ED45AF7-ADEF-427C-BBFE-FB2A6D759B9D}.Debug|Any CPU.Build.0 = Debug|Any CPU
		{2ED45AF7-ADEF-427C-BBFE-FB2A6D759B9D}.Release|Any CPU.ActiveCfg = Release|Any CPU
		{2ED45AF7-ADEF-427C-BBFE-FB2A6D759B9D}.Release|Any CPU.Build.0 = Release|Any CPU
		{74200426-43F2-4577-BE38-A6F9612753D5}.Debug|Any CPU.ActiveCfg = Debug|Any CPU
		{74200426-43F2-4577-BE38-A6F9612753D5}.Debug|Any CPU.Build.0 = Debug|Any CPU
		{74200426-43F2-4577-BE38-A6F9612753D5}.Release|Any CPU.ActiveCfg = Release|Any CPU
		{74200426-43F2-4577-BE38-A6F9612753D5}.Release|Any CPU.Build.0 = Release|Any CPU
	EndGlobalSection
	GlobalSection(SolutionProperties) = preSolution
		HideSolutionNode = FALSE
	EndGlobalSection
	GlobalSection(NestedProjects) = preSolution
		{B8B22656-506D-4BC5-BEA7-3E9BDEA3A427} = {237F763A-C38D-4190-A970-2E9F14F5FF86}
		{555EF022-4E3B-48BA-8662-7587C2D136B0} = {237F763A-C38D-4190-A970-2E9F14F5FF86}
		{16EB7C01-C130-4D62-A278-08380C191E38} = {237F763A-C38D-4190-A970-2E9F14F5FF86}
		{815DD963-BBFE-453F-9DFB-CD24577A4006} = {237F763A-C38D-4190-A970-2E9F14F5FF86}
		{2ED45AF7-ADEF-427C-BBFE-FB2A6D759B9D} = {237F763A-C38D-4190-A970-2E9F14F5FF86}
		{74200426-43F2-4577-BE38-A6F9612753D5} = {237F763A-C38D-4190-A970-2E9F14F5FF86}
	EndGlobalSection
	GlobalSection(ExtensibilityGlobals) = postSolution
		SolutionGuid = {13EDC7D7-8AE9-47E4-9FA2-E1CFCB3581E6}
	EndGlobalSection
EndGlobal
